
Microsoft Visual Studio Solution File, Format Version 12.00
# Visual Studio Version 16
VisualStudioVersion = 16.0.31911.196
MinimumVisualStudioVersion = 10.0.40219.1
Project("{8BC9CEB8-8B4A-11D0-8D11-00A0C91BC942}") = "LABA2", "LABA2\LABA2.vcxproj", "{9538CF5B-A647-4E21-8DE7-EC6AD23F3AAF}"
EndProject
Global
	GlobalSection(SolutionConfigurationPlatforms) = preSolution
		Debug|x64 = Debug|x64
		Debug|x86 = Debug|x86
		Release|x64 = Release|x64
		Release|x86 = Release|x86
	EndGlobalSection
	GlobalSection(ProjectConfigurationPlatforms) = postSolution
		{9538CF5B-A647-4E21-8DE7-EC6AD23F3AAF}.Debug|x64.ActiveCfg = Debug|x64
		{9538CF5B-A647-4E21-8DE7-EC6AD23F3AAF}.Debug|x64.Build.0 = Debug|x64
		{9538CF5B-A647-4E21-8DE7-EC6AD23F3AAF}.Debug|x86.ActiveCfg = Debug|Win32
		{9538CF5B-A647-4E21-8DE7-EC6AD23F3AAF}.Debug|x86.Build.0 = Debug|Win32
		{9538CF5B-A647-4E21-8DE7-EC6AD23F3AAF}.Release|x64.ActiveCfg = Release|x64
		{9538CF5B-A647-4E21-8DE7-EC6AD23F3AAF}.Release|x64.Build.0 = Release|x64
		{9538CF5B-A647-4E21-8DE7-EC6AD23F3AAF}.Release|x86.ActiveCfg = Release|Win32
		{9538CF5B-A647-4E21-8DE7-EC6AD23F3AAF}.Release|x86.Build.0 = Release|Win32
	EndGlobalSection
	GlobalSection(SolutionProperties) = preSolution
		HideSolutionNode = FALSE
	EndGlobalSection
	GlobalSection(ExtensibilityGlobals) = postSolution
		SolutionGuid = {8C6C8ABC-9B61-40A6-9C8B-05FDDBB9E8F0}
	EndGlobalSection
EndGlobal
